
Microsoft Visual Studio Solution File, Format Version 12.00
# Visual Studio Version 17
VisualStudioVersion = 17.12.35527.113
MinimumVisualStudioVersion = 10.0.40219.1
Project("{FAE04EC0-301F-11D3-BF4B-00C04F79EFBC}") = "DotNet", "DotNet\DotNet.csproj", "{206CEB7E-F861-4AE1-9E0E-C21100FC4A94}"
EndProject
Project("{FAE04EC0-301F-11D3-BF4B-00C04F79EFBC}") = "CSharpTopics", "CSharpTopics\CSharpTopics.csproj", "{9F8E2C2E-AD2D-468C-A8D7-E2515AD9F214}"
EndProject
Project("{FAE04EC0-301F-11D3-BF4B-00C04F79EFBC}") = "LinqExample", "LinqExample\LinqExample.csproj", "{9E31BF0C-E0F5-464B-852E-8DD29F9DA241}"
EndProject
Global
	GlobalSection(SolutionConfigurationPlatforms) = preSolution
		Debug|Any CPU = Debug|Any CPU
		Release|Any CPU = Release|Any CPU
	EndGlobalSection
	GlobalSection(ProjectConfigurationPlatforms) = postSolution
		{206CEB7E-F861-4AE1-9E0E-C21100FC4A94}.Debug|Any CPU.ActiveCfg = Debug|Any CPU
		{206CEB7E-F861-4AE1-9E0E-C21100FC4A94}.Debug|Any CPU.Build.0 = Debug|Any CPU
		{206CEB7E-F861-4AE1-9E0E-C21100FC4A94}.Release|Any CPU.ActiveCfg = Release|Any CPU
		{206CEB7E-F861-4AE1-9E0E-C21100FC4A94}.Release|Any CPU.Build.0 = Release|Any CPU
		{9F8E2C2E-AD2D-468C-A8D7-E2515AD9F214}.Debug|Any CPU.ActiveCfg = Debug|Any CPU
		{9F8E2C2E-AD2D-468C-A8D7-E2515AD9F214}.Debug|Any CPU.Build.0 = Debug|Any CPU
		{9F8E2C2E-AD2D-468C-A8D7-E2515AD9F214}.Release|Any CPU.ActiveCfg = Release|Any CPU
		{9F8E2C2E-AD2D-468C-A8D7-E2515AD9F214}.Release|Any CPU.Build.0 = Release|Any CPU
		{9E31BF0C-E0F5-464B-852E-8DD29F9DA241}.Debug|Any CPU.ActiveCfg = Debug|Any CPU
		{9E31BF0C-E0F5-464B-852E-8DD29F9DA241}.Debug|Any CPU.Build.0 = Debug|Any CPU
		{9E31BF0C-E0F5-464B-852E-8DD29F9DA241}.Release|Any CPU.ActiveCfg = Release|Any CPU
		{9E31BF0C-E0F5-464B-852E-8DD29F9DA241}.Release|Any CPU.Build.0 = Release|Any CPU
	EndGlobalSection
	GlobalSection(SolutionProperties) = preSolution
		HideSolutionNode = FALSE
	EndGlobalSection
EndGlobal
